
Microsoft Visual Studio Solution File, Format Version 11.00
# Visual Studio 2010
Project("{FAE04EC0-301F-11D3-BF4B-00C04F79EFBC}") = "VirtualBeach", "VirtualBeach\VirtualBeach.csproj", "{55E1C2FA-AE9D-4972-83BF-D090A4DFBD1E}"
EndProject
Project("{FAE04EC0-301F-11D3-BF4B-00C04F79EFBC}") = "VBProjectManager", "VBProjectManager\VBProjectManager.csproj", "{56A96878-2E76-41B4-858A-6AAB61F99CE8}"
EndProject
Project("{FAE04EC0-301F-11D3-BF4B-00C04F79EFBC}") = "VBDockManager", "VBDockManager\VBDockManager.csproj", "{CA689A10-4A7F-4D9F-8C94-5B0FFF2F71AF}"
EndProject
Project("{FAE04EC0-301F-11D3-BF4B-00C04F79EFBC}") = "VBCommon", "VBCommon\VBCommon.csproj", "{EFA81E23-0526-4DA7-9B56-046579AF86C0}"
EndProject
Project("{FAE04EC0-301F-11D3-BF4B-00C04F79EFBC}") = "IPyCommon", "IPyCommon\IPyCommon.csproj", "{6BF34EC4-522C-4B55-8517-E8B02E2A3B04}"
EndProject
Project("{FAE04EC0-301F-11D3-BF4B-00C04F79EFBC}") = "IPyModeling", "IpyModeling\IPyModeling.csproj", "{ADE70E49-1CEB-4526-A7BB-D8A99246D718}"
EndProject
Project("{FAE04EC0-301F-11D3-BF4B-00C04F79EFBC}") = "VBDatasheet", "VBDatasheet\VBDatasheet.csproj", "{58500DA9-66D3-4B69-86D4-E1BD43ED10B1}"
EndProject
Project("{FAE04EC0-301F-11D3-BF4B-00C04F79EFBC}") = "Prediction", "Prediction\Prediction.csproj", "{13B5B93B-EA91-491D-A423-8D89C5838EBC}"
EndProject
Project("{FAE04EC0-301F-11D3-BF4B-00C04F79EFBC}") = "VBLocation", "VBLocation\VBLocation.csproj", "{6B44D461-E6E3-4AB5-9F92-EF239BD9E2BD}"
EndProject
Project("{FAE04EC0-301F-11D3-BF4B-00C04F79EFBC}") = "IPyGBMControl", "IPyGBMControl\IPyGBMControl.csproj", "{A69C0E84-3055-44E7-A612-86B1660B61B6}"
EndProject
Project("{FAE04EC0-301F-11D3-BF4B-00C04F79EFBC}") = "IPyPLSControl", "IPyPLSControl\IPyPLSControl.csproj", "{14F53376-3ADE-4FA4-9026-392DE3360177}"
EndProject
Project("{2150E333-8FDC-42A3-9474-1A3956D46DE8}") = "MLR", "MLR", "{D429AE83-9EB8-44E2-9868-809BB15324C3}"
EndProject
Project("{FAE04EC0-301F-11D3-BF4B-00C04F79EFBC}") = "CrossValidation", "MLR\CrossValidation\CrossValidation.csproj", "{A9B51300-27DC-4187-BF92-E73C0059F8A1}"
EndProject
Project("{FAE04EC0-301F-11D3-BF4B-00C04F79EFBC}") = "GALib", "MLR\GALib\GALib.csproj", "{0AE6C642-BB04-423D-A23F-5EC4C7460E74}"
EndProject
Project("{FAE04EC0-301F-11D3-BF4B-00C04F79EFBC}") = "GALibForm", "MLR\GALibForm\GALibForm.csproj", "{9562D2C0-C273-4F8D-AF49-D69749B89B3B}"
EndProject
Project("{FAE04EC0-301F-11D3-BF4B-00C04F79EFBC}") = "MLRCore", "MLR\MLRCore\MLRCore.csproj", "{1B6C95B2-F0F7-4255-B89B-C6440514C454}"
EndProject
Project("{FAE04EC0-301F-11D3-BF4B-00C04F79EFBC}") = "MLRPlugin", "MLR\MLRPlugin\MLRPlugin.csproj", "{53B2F3E1-78DB-4DDF-8049-0AF72744908E}"
EndProject
Project("{FAE04EC0-301F-11D3-BF4B-00C04F79EFBC}") = "MultipleLinearRegression", "MLR\MultipleLinearRegression\MultipleLinearRegression.csproj", "{2E95E0AC-AB0A-42CF-8DCC-A2FA19ECD32A}"
EndProject
Project("{FAE04EC0-301F-11D3-BF4B-00C04F79EFBC}") = "VBControls", "MLR\VBControls\VBControls.csproj", "{9F2D6730-6FD3-4A3F-98FC-C5898FCFA12E}"
EndProject
Project("{54435603-DBB4-11D2-8724-00A0C9A8B90C}") = "Installer", "Installer\Installer.vdproj", "{580C493A-1F26-4BA2-BD79-466E2CBB44FD}"
EndProject
Global
	GlobalSection(SolutionConfigurationPlatforms) = preSolution
		Debug|Any CPU = Debug|Any CPU
		Debug|Mixed Platforms = Debug|Mixed Platforms
		Debug|x86 = Debug|x86
		Release|Any CPU = Release|Any CPU
		Release|Mixed Platforms = Release|Mixed Platforms
		Release|x86 = Release|x86
	EndGlobalSection
	GlobalSection(ProjectConfigurationPlatforms) = postSolution
		{55E1C2FA-AE9D-4972-83BF-D090A4DFBD1E}.Debug|Any CPU.ActiveCfg = Debug|x86
		{55E1C2FA-AE9D-4972-83BF-D090A4DFBD1E}.Debug|Mixed Platforms.ActiveCfg = Debug|x86
		{55E1C2FA-AE9D-4972-83BF-D090A4DFBD1E}.Debug|Mixed Platforms.Build.0 = Debug|x86
		{55E1C2FA-AE9D-4972-83BF-D090A4DFBD1E}.Debug|x86.ActiveCfg = Debug|x86
		{55E1C2FA-AE9D-4972-83BF-D090A4DFBD1E}.Debug|x86.Build.0 = Debug|x86
		{55E1C2FA-AE9D-4972-83BF-D090A4DFBD1E}.Release|Any CPU.ActiveCfg = Release|x86
		{55E1C2FA-AE9D-4972-83BF-D090A4DFBD1E}.Release|Mixed Platforms.ActiveCfg = Release|x86
		{55E1C2FA-AE9D-4972-83BF-D090A4DFBD1E}.Release|Mixed Platforms.Build.0 = Release|x86
		{55E1C2FA-AE9D-4972-83BF-D090A4DFBD1E}.Release|x86.ActiveCfg = Release|x86
		{55E1C2FA-AE9D-4972-83BF-D090A4DFBD1E}.Release|x86.Build.0 = Release|x86
		{56A96878-2E76-41B4-858A-6AAB61F99CE8}.Debug|Any CPU.ActiveCfg = Debug|Any CPU
		{56A96878-2E76-41B4-858A-6AAB61F99CE8}.Debug|Any CPU.Build.0 = Debug|Any CPU
		{56A96878-2E76-41B4-858A-6AAB61F99CE8}.Debug|Mixed Platforms.ActiveCfg = Debug|Any CPU
		{56A96878-2E76-41B4-858A-6AAB61F99CE8}.Debug|Mixed Platforms.Build.0 = Debug|Any CPU
		{56A96878-2E76-41B4-858A-6AAB61F99CE8}.Debug|x86.ActiveCfg = Debug|Any CPU
		{56A96878-2E76-41B4-858A-6AAB61F99CE8}.Release|Any CPU.ActiveCfg = Release|Any CPU
		{56A96878-2E76-41B4-858A-6AAB61F99CE8}.Release|Any CPU.Build.0 = Release|Any CPU
		{56A96878-2E76-41B4-858A-6AAB61F99CE8}.Release|Mixed Platforms.ActiveCfg = Release|Any CPU
		{56A96878-2E76-41B4-858A-6AAB61F99CE8}.Release|Mixed Platforms.Build.0 = Release|Any CPU
		{56A96878-2E76-41B4-858A-6AAB61F99CE8}.Release|x86.ActiveCfg = Release|Any CPU
		{CA689A10-4A7F-4D9F-8C94-5B0FFF2F71AF}.Debug|Any CPU.ActiveCfg = Debug|Any CPU
		{CA689A10-4A7F-4D9F-8C94-5B0FFF2F71AF}.Debug|Any CPU.Build.0 = Debug|Any CPU
		{CA689A10-4A7F-4D9F-8C94-5B0FFF2F71AF}.Debug|Mixed Platforms.ActiveCfg = Debug|Any CPU
		{CA689A10-4A7F-4D9F-8C94-5B0FFF2F71AF}.Debug|Mixed Platforms.Build.0 = Debug|Any CPU
		{CA689A10-4A7F-4D9F-8C94-5B0FFF2F71AF}.Debug|x86.ActiveCfg = Debug|Any CPU
		{CA689A10-4A7F-4D9F-8C94-5B0FFF2F71AF}.Release|Any CPU.ActiveCfg = Release|Any CPU
		{CA689A10-4A7F-4D9F-8C94-5B0FFF2F71AF}.Release|Any CPU.Build.0 = Release|Any CPU
		{CA689A10-4A7F-4D9F-8C94-5B0FFF2F71AF}.Release|Mixed Platforms.ActiveCfg = Release|Any CPU
		{CA689A10-4A7F-4D9F-8C94-5B0FFF2F71AF}.Release|Mixed Platforms.Build.0 = Release|Any CPU
		{CA689A10-4A7F-4D9F-8C94-5B0FFF2F71AF}.Release|x86.ActiveCfg = Release|Any CPU
		{EFA81E23-0526-4DA7-9B56-046579AF86C0}.Debug|Any CPU.ActiveCfg = Debug|Any CPU
		{EFA81E23-0526-4DA7-9B56-046579AF86C0}.Debug|Any CPU.Build.0 = Debug|Any CPU
		{EFA81E23-0526-4DA7-9B56-046579AF86C0}.Debug|Mixed Platforms.ActiveCfg = Debug|Any CPU
		{EFA81E23-0526-4DA7-9B56-046579AF86C0}.Debug|Mixed Platforms.Build.0 = Debug|Any CPU
		{EFA81E23-0526-4DA7-9B56-046579AF86C0}.Debug|x86.ActiveCfg = Debug|Any CPU
		{EFA81E23-0526-4DA7-9B56-046579AF86C0}.Release|Any CPU.ActiveCfg = Release|Any CPU
		{EFA81E23-0526-4DA7-9B56-046579AF86C0}.Release|Any CPU.Build.0 = Release|Any CPU
		{EFA81E23-0526-4DA7-9B56-046579AF86C0}.Release|Mixed Platforms.ActiveCfg = Release|Any CPU
		{EFA81E23-0526-4DA7-9B56-046579AF86C0}.Release|Mixed Platforms.Build.0 = Release|Any CPU
		{EFA81E23-0526-4DA7-9B56-046579AF86C0}.Release|x86.ActiveCfg = Release|Any CPU
		{6BF34EC4-522C-4B55-8517-E8B02E2A3B04}.Debug|Any CPU.ActiveCfg = Debug|Any CPU
		{6BF34EC4-522C-4B55-8517-E8B02E2A3B04}.Debug|Any CPU.Build.0 = Debug|Any CPU
		{6BF34EC4-522C-4B55-8517-E8B02E2A3B04}.Debug|Mixed Platforms.ActiveCfg = Debug|Any CPU
		{6BF34EC4-522C-4B55-8517-E8B02E2A3B04}.Debug|Mixed Platforms.Build.0 = Debug|Any CPU
		{6BF34EC4-522C-4B55-8517-E8B02E2A3B04}.Debug|x86.ActiveCfg = Debug|Any CPU
		{6BF34EC4-522C-4B55-8517-E8B02E2A3B04}.Release|Any CPU.ActiveCfg = Release|Any CPU
		{6BF34EC4-522C-4B55-8517-E8B02E2A3B04}.Release|Any CPU.Build.0 = Release|Any CPU
		{6BF34EC4-522C-4B55-8517-E8B02E2A3B04}.Release|Mixed Platforms.ActiveCfg = Release|Any CPU
		{6BF34EC4-522C-4B55-8517-E8B02E2A3B04}.Release|Mixed Platforms.Build.0 = Release|Any CPU
		{6BF34EC4-522C-4B55-8517-E8B02E2A3B04}.Release|x86.ActiveCfg = Release|Any CPU
		{ADE70E49-1CEB-4526-A7BB-D8A99246D718}.Debug|Any CPU.ActiveCfg = Debug|Any CPU
		{ADE70E49-1CEB-4526-A7BB-D8A99246D718}.Debug|Any CPU.Build.0 = Debug|Any CPU
		{ADE70E49-1CEB-4526-A7BB-D8A99246D718}.Debug|Mixed Platforms.ActiveCfg = Debug|x86
		{ADE70E49-1CEB-4526-A7BB-D8A99246D718}.Debug|Mixed Platforms.Build.0 = Debug|x86
		{ADE70E49-1CEB-4526-A7BB-D8A99246D718}.Debug|x86.ActiveCfg = Debug|x86
		{ADE70E49-1CEB-4526-A7BB-D8A99246D718}.Debug|x86.Build.0 = Debug|x86
		{ADE70E49-1CEB-4526-A7BB-D8A99246D718}.Release|Any CPU.ActiveCfg = Release|Any CPU
		{ADE70E49-1CEB-4526-A7BB-D8A99246D718}.Release|Any CPU.Build.0 = Release|Any CPU
		{ADE70E49-1CEB-4526-A7BB-D8A99246D718}.Release|Mixed Platforms.ActiveCfg = Release|x86
		{ADE70E49-1CEB-4526-A7BB-D8A99246D718}.Release|Mixed Platforms.Build.0 = Release|x86
		{ADE70E49-1CEB-4526-A7BB-D8A99246D718}.Release|x86.ActiveCfg = Release|x86
		{ADE70E49-1CEB-4526-A7BB-D8A99246D718}.Release|x86.Build.0 = Release|x86
		{58500DA9-66D3-4B69-86D4-E1BD43ED10B1}.Debug|Any CPU.ActiveCfg = Debug|Any CPU
		{58500DA9-66D3-4B69-86D4-E1BD43ED10B1}.Debug|Any CPU.Build.0 = Debug|Any CPU
		{58500DA9-66D3-4B69-86D4-E1BD43ED10B1}.Debug|Mixed Platforms.ActiveCfg = Debug|Any CPU
		{58500DA9-66D3-4B69-86D4-E1BD43ED10B1}.Debug|Mixed Platforms.Build.0 = Debug|Any CPU
		{58500DA9-66D3-4B69-86D4-E1BD43ED10B1}.Debug|x86.ActiveCfg = Debug|Any CPU
		{58500DA9-66D3-4B69-86D4-E1BD43ED10B1}.Release|Any CPU.ActiveCfg = Release|Any CPU
		{58500DA9-66D3-4B69-86D4-E1BD43ED10B1}.Release|Any CPU.Build.0 = Release|Any CPU
		{58500DA9-66D3-4B69-86D4-E1BD43ED10B1}.Release|Mixed Platforms.ActiveCfg = Release|Any CPU
		{58500DA9-66D3-4B69-86D4-E1BD43ED10B1}.Release|Mixed Platforms.Build.0 = Release|Any CPU
		{58500DA9-66D3-4B69-86D4-E1BD43ED10B1}.Release|x86.ActiveCfg = Release|Any CPU
		{13B5B93B-EA91-491D-A423-8D89C5838EBC}.Debug|Any CPU.ActiveCfg = Debug|Any CPU
		{13B5B93B-EA91-491D-A423-8D89C5838EBC}.Debug|Any CPU.Build.0 = Debug|Any CPU
		{13B5B93B-EA91-491D-A423-8D89C5838EBC}.Debug|Mixed Platforms.ActiveCfg = Debug|x86
		{13B5B93B-EA91-491D-A423-8D89C5838EBC}.Debug|Mixed Platforms.Build.0 = Debug|x86
		{13B5B93B-EA91-491D-A423-8D89C5838EBC}.Debug|x86.ActiveCfg = Debug|x86
		{13B5B93B-EA91-491D-A423-8D89C5838EBC}.Debug|x86.Build.0 = Debug|x86
		{13B5B93B-EA91-491D-A423-8D89C5838EBC}.Release|Any CPU.ActiveCfg = Release|Any CPU
		{13B5B93B-EA91-491D-A423-8D89C5838EBC}.Release|Any CPU.Build.0 = Release|Any CPU
		{13B5B93B-EA91-491D-A423-8D89C5838EBC}.Release|Mixed Platforms.ActiveCfg = Release|x86
		{13B5B93B-EA91-491D-A423-8D89C5838EBC}.Release|Mixed Platforms.Build.0 = Release|x86
		{13B5B93B-EA91-491D-A423-8D89C5838EBC}.Release|x86.ActiveCfg = Release|x86
		{13B5B93B-EA91-491D-A423-8D89C5838EBC}.Release|x86.Build.0 = Release|x86
		{6B44D461-E6E3-4AB5-9F92-EF239BD9E2BD}.Debug|Any CPU.ActiveCfg = Debug|Any CPU
		{6B44D461-E6E3-4AB5-9F92-EF239BD9E2BD}.Debug|Any CPU.Build.0 = Debug|Any CPU
		{6B44D461-E6E3-4AB5-9F92-EF239BD9E2BD}.Debug|Mixed Platforms.ActiveCfg = Debug|x86
		{6B44D461-E6E3-4AB5-9F92-EF239BD9E2BD}.Debug|Mixed Platforms.Build.0 = Debug|x86
		{6B44D461-E6E3-4AB5-9F92-EF239BD9E2BD}.Debug|x86.ActiveCfg = Debug|x86
		{6B44D461-E6E3-4AB5-9F92-EF239BD9E2BD}.Debug|x86.Build.0 = Debug|x86
		{6B44D461-E6E3-4AB5-9F92-EF239BD9E2BD}.Release|Any CPU.ActiveCfg = Release|Any CPU
		{6B44D461-E6E3-4AB5-9F92-EF239BD9E2BD}.Release|Any CPU.Build.0 = Release|Any CPU
		{6B44D461-E6E3-4AB5-9F92-EF239BD9E2BD}.Release|Mixed Platforms.ActiveCfg = Release|x86
		{6B44D461-E6E3-4AB5-9F92-EF239BD9E2BD}.Release|Mixed Platforms.Build.0 = Release|x86
		{6B44D461-E6E3-4AB5-9F92-EF239BD9E2BD}.Release|x86.ActiveCfg = Release|x86
		{6B44D461-E6E3-4AB5-9F92-EF239BD9E2BD}.Release|x86.Build.0 = Release|x86
		{A69C0E84-3055-44E7-A612-86B1660B61B6}.Debug|Any CPU.ActiveCfg = Debug|Any CPU
		{A69C0E84-3055-44E7-A612-86B1660B61B6}.Debug|Any CPU.Build.0 = Debug|Any CPU
		{A69C0E84-3055-44E7-A612-86B1660B61B6}.Debug|Mixed Platforms.ActiveCfg = Debug|Any CPU
		{A69C0E84-3055-44E7-A612-86B1660B61B6}.Debug|Mixed Platforms.Build.0 = Debug|Any CPU
		{A69C0E84-3055-44E7-A612-86B1660B61B6}.Debug|x86.ActiveCfg = Debug|Any CPU
		{A69C0E84-3055-44E7-A612-86B1660B61B6}.Release|Any CPU.ActiveCfg = Release|Any CPU
		{A69C0E84-3055-44E7-A612-86B1660B61B6}.Release|Any CPU.Build.0 = Release|Any CPU
		{A69C0E84-3055-44E7-A612-86B1660B61B6}.Release|Mixed Platforms.ActiveCfg = Release|Any CPU
		{A69C0E84-3055-44E7-A612-86B1660B61B6}.Release|Mixed Platforms.Build.0 = Release|Any CPU
		{A69C0E84-3055-44E7-A612-86B1660B61B6}.Release|x86.ActiveCfg = Release|Any CPU
		{14F53376-3ADE-4FA4-9026-392DE3360177}.Debug|Any CPU.ActiveCfg = Debug|Any CPU
		{14F53376-3ADE-4FA4-9026-392DE3360177}.Debug|Any CPU.Build.0 = Debug|Any CPU
		{14F53376-3ADE-4FA4-9026-392DE3360177}.Debug|Mixed Platforms.ActiveCfg = Debug|Any CPU
		{14F53376-3ADE-4FA4-9026-392DE3360177}.Debug|Mixed Platforms.Build.0 = Debug|Any CPU
		{14F53376-3ADE-4FA4-9026-392DE3360177}.Debug|x86.ActiveCfg = Debug|Any CPU
		{14F53376-3ADE-4FA4-9026-392DE3360177}.Release|Any CPU.ActiveCfg = Release|Any CPU
		{14F53376-3ADE-4FA4-9026-392DE3360177}.Release|Any CPU.Build.0 = Release|Any CPU
		{14F53376-3ADE-4FA4-9026-392DE3360177}.Release|Mixed Platforms.ActiveCfg = Release|Any CPU
		{14F53376-3ADE-4FA4-9026-392DE3360177}.Release|Mixed Platforms.Build.0 = Release|Any CPU
		{14F53376-3ADE-4FA4-9026-392DE3360177}.Release|x86.ActiveCfg = Release|Any CPU
		{A9B51300-27DC-4187-BF92-E73C0059F8A1}.Debug|Any CPU.ActiveCfg = Debug|Any CPU
		{A9B51300-27DC-4187-BF92-E73C0059F8A1}.Debug|Any CPU.Build.0 = Debug|Any CPU
		{A9B51300-27DC-4187-BF92-E73C0059F8A1}.Debug|Mixed Platforms.ActiveCfg = Debug|x86
		{A9B51300-27DC-4187-BF92-E73C0059F8A1}.Debug|Mixed Platforms.Build.0 = Debug|x86
		{A9B51300-27DC-4187-BF92-E73C0059F8A1}.Debug|x86.ActiveCfg = Debug|x86
		{A9B51300-27DC-4187-BF92-E73C0059F8A1}.Debug|x86.Build.0 = Debug|x86
		{A9B51300-27DC-4187-BF92-E73C0059F8A1}.Release|Any CPU.ActiveCfg = Release|Any CPU
		{A9B51300-27DC-4187-BF92-E73C0059F8A1}.Release|Any CPU.Build.0 = Release|Any CPU
		{A9B51300-27DC-4187-BF92-E73C0059F8A1}.Release|Mixed Platforms.ActiveCfg = Release|x86
		{A9B51300-27DC-4187-BF92-E73C0059F8A1}.Release|Mixed Platforms.Build.0 = Release|x86
		{A9B51300-27DC-4187-BF92-E73C0059F8A1}.Release|x86.ActiveCfg = Release|x86
		{A9B51300-27DC-4187-BF92-E73C0059F8A1}.Release|x86.Build.0 = Release|x86
		{0AE6C642-BB04-423D-A23F-5EC4C7460E74}.Debug|Any CPU.ActiveCfg = Debug|Any CPU
		{0AE6C642-BB04-423D-A23F-5EC4C7460E74}.Debug|Any CPU.Build.0 = Debug|Any CPU
		{0AE6C642-BB04-423D-A23F-5EC4C7460E74}.Debug|Mixed Platforms.ActiveCfg = Debug|x86
		{0AE6C642-BB04-423D-A23F-5EC4C7460E74}.Debug|Mixed Platforms.Build.0 = Debug|x86
		{0AE6C642-BB04-423D-A23F-5EC4C7460E74}.Debug|x86.ActiveCfg = Debug|x86
		{0AE6C642-BB04-423D-A23F-5EC4C7460E74}.Debug|x86.Build.0 = Debug|x86
		{0AE6C642-BB04-423D-A23F-5EC4C7460E74}.Release|Any CPU.ActiveCfg = Release|Any CPU
		{0AE6C642-BB04-423D-A23F-5EC4C7460E74}.Release|Any CPU.Build.0 = Release|Any CPU
		{0AE6C642-BB04-423D-A23F-5EC4C7460E74}.Release|Mixed Platforms.ActiveCfg = Release|x86
		{0AE6C642-BB04-423D-A23F-5EC4C7460E74}.Release|Mixed Platforms.Build.0 = Release|x86
		{0AE6C642-BB04-423D-A23F-5EC4C7460E74}.Release|x86.ActiveCfg = Release|x86
		{0AE6C642-BB04-423D-A23F-5EC4C7460E74}.Release|x86.Build.0 = Release|x86
		{9562D2C0-C273-4F8D-AF49-D69749B89B3B}.Debug|Any CPU.ActiveCfg = Debug|Any CPU
		{9562D2C0-C273-4F8D-AF49-D69749B89B3B}.Debug|Any CPU.Build.0 = Debug|Any CPU
		{9562D2C0-C273-4F8D-AF49-D69749B89B3B}.Debug|Mixed Platforms.ActiveCfg = Debug|x86
		{9562D2C0-C273-4F8D-AF49-D69749B89B3B}.Debug|Mixed Platforms.Build.0 = Debug|x86
		{9562D2C0-C273-4F8D-AF49-D69749B89B3B}.Debug|x86.ActiveCfg = Debug|x86
		{9562D2C0-C273-4F8D-AF49-D69749B89B3B}.Debug|x86.Build.0 = Debug|x86
		{9562D2C0-C273-4F8D-AF49-D69749B89B3B}.Release|Any CPU.ActiveCfg = Release|Any CPU
		{9562D2C0-C273-4F8D-AF49-D69749B89B3B}.Release|Any CPU.Build.0 = Release|Any CPU
		{9562D2C0-C273-4F8D-AF49-D69749B89B3B}.Release|Mixed Platforms.ActiveCfg = Release|x86
		{9562D2C0-C273-4F8D-AF49-D69749B89B3B}.Release|Mixed Platforms.Build.0 = Release|x86
		{9562D2C0-C273-4F8D-AF49-D69749B89B3B}.Release|x86.ActiveCfg = Release|x86
		{9562D2C0-C273-4F8D-AF49-D69749B89B3B}.Release|x86.Build.0 = Release|x86
		{1B6C95B2-F0F7-4255-B89B-C6440514C454}.Debug|Any CPU.ActiveCfg = Debug|Any CPU
		{1B6C95B2-F0F7-4255-B89B-C6440514C454}.Debug|Any CPU.Build.0 = Debug|Any CPU
		{1B6C95B2-F0F7-4255-B89B-C6440514C454}.Debug|Mixed Platforms.ActiveCfg = Debug|x86
		{1B6C95B2-F0F7-4255-B89B-C6440514C454}.Debug|Mixed Platforms.Build.0 = Debug|x86
		{1B6C95B2-F0F7-4255-B89B-C6440514C454}.Debug|x86.ActiveCfg = Debug|x86
		{1B6C95B2-F0F7-4255-B89B-C6440514C454}.Debug|x86.Build.0 = Debug|x86
		{1B6C95B2-F0F7-4255-B89B-C6440514C454}.Release|Any CPU.ActiveCfg = Release|Any CPU
		{1B6C95B2-F0F7-4255-B89B-C6440514C454}.Release|Any CPU.Build.0 = Release|Any CPU
		{1B6C95B2-F0F7-4255-B89B-C6440514C454}.Release|Mixed Platforms.ActiveCfg = Release|x86
		{1B6C95B2-F0F7-4255-B89B-C6440514C454}.Release|Mixed Platforms.Build.0 = Release|x86
		{1B6C95B2-F0F7-4255-B89B-C6440514C454}.Release|x86.ActiveCfg = Release|x86
		{1B6C95B2-F0F7-4255-B89B-C6440514C454}.Release|x86.Build.0 = Release|x86
		{53B2F3E1-78DB-4DDF-8049-0AF72744908E}.Debug|Any CPU.ActiveCfg = Debug|Any CPU
		{53B2F3E1-78DB-4DDF-8049-0AF72744908E}.Debug|Any CPU.Build.0 = Debug|Any CPU
		{53B2F3E1-78DB-4DDF-8049-0AF72744908E}.Debug|Mixed Platforms.ActiveCfg = Debug|x86
		{53B2F3E1-78DB-4DDF-8049-0AF72744908E}.Debug|Mixed Platforms.Build.0 = Debug|x86
		{53B2F3E1-78DB-4DDF-8049-0AF72744908E}.Debug|x86.ActiveCfg = Debug|x86
		{53B2F3E1-78DB-4DDF-8049-0AF72744908E}.Debug|x86.Build.0 = Debug|x86
		{53B2F3E1-78DB-4DDF-8049-0AF72744908E}.Release|Any CPU.ActiveCfg = Release|Any CPU
		{53B2F3E1-78DB-4DDF-8049-0AF72744908E}.Release|Any CPU.Build.0 = Release|Any CPU
		{53B2F3E1-78DB-4DDF-8049-0AF72744908E}.Release|Mixed Platforms.ActiveCfg = Release|x86
		{53B2F3E1-78DB-4DDF-8049-0AF72744908E}.Release|Mixed Platforms.Build.0 = Release|x86
		{53B2F3E1-78DB-4DDF-8049-0AF72744908E}.Release|x86.ActiveCfg = Release|x86
		{53B2F3E1-78DB-4DDF-8049-0AF72744908E}.Release|x86.Build.0 = Release|x86
		{2E95E0AC-AB0A-42CF-8DCC-A2FA19ECD32A}.Debug|Any CPU.ActiveCfg = Debug|Any CPU
		{2E95E0AC-AB0A-42CF-8DCC-A2FA19ECD32A}.Debug|Any CPU.Build.0 = Debug|Any CPU
		{2E95E0AC-AB0A-42CF-8DCC-A2FA19ECD32A}.Debug|Mixed Platforms.ActiveCfg = Debug|x86
		{2E95E0AC-AB0A-42CF-8DCC-A2FA19ECD32A}.Debug|Mixed Platforms.Build.0 = Debug|x86
		{2E95E0AC-AB0A-42CF-8DCC-A2FA19ECD32A}.Debug|x86.ActiveCfg = Debug|x86
		{2E95E0AC-AB0A-42CF-8DCC-A2FA19ECD32A}.Debug|x86.Build.0 = Debug|x86
		{2E95E0AC-AB0A-42CF-8DCC-A2FA19ECD32A}.Release|Any CPU.ActiveCfg = Release|Any CPU
		{2E95E0AC-AB0A-42CF-8DCC-A2FA19ECD32A}.Release|Any CPU.Build.0 = Release|Any CPU
		{2E95E0AC-AB0A-42CF-8DCC-A2FA19ECD32A}.Release|Mixed Platforms.ActiveCfg = Release|x86
		{2E95E0AC-AB0A-42CF-8DCC-A2FA19ECD32A}.Release|Mixed Platforms.Build.0 = Release|x86
		{2E95E0AC-AB0A-42CF-8DCC-A2FA19ECD32A}.Release|x86.ActiveCfg = Release|x86
		{2E95E0AC-AB0A-42CF-8DCC-A2FA19ECD32A}.Release|x86.Build.0 = Release|x86
		{9F2D6730-6FD3-4A3F-98FC-C5898FCFA12E}.Debug|Any CPU.ActiveCfg = Debug|Any CPU
		{9F2D6730-6FD3-4A3F-98FC-C5898FCFA12E}.Debug|Any CPU.Build.0 = Debug|Any CPU
		{9F2D6730-6FD3-4A3F-98FC-C5898FCFA12E}.Debug|Mixed Platforms.ActiveCfg = Debug|x86
		{9F2D6730-6FD3-4A3F-98FC-C5898FCFA12E}.Debug|Mixed Platforms.Build.0 = Debug|x86
		{9F2D6730-6FD3-4A3F-98FC-C5898FCFA12E}.Debug|x86.ActiveCfg = Debug|x86
		{9F2D6730-6FD3-4A3F-98FC-C5898FCFA12E}.Debug|x86.Build.0 = Debug|x86
		{9F2D6730-6FD3-4A3F-98FC-C5898FCFA12E}.Release|Any CPU.ActiveCfg = Release|Any CPU
		{9F2D6730-6FD3-4A3F-98FC-C5898FCFA12E}.Release|Any CPU.Build.0 = Release|Any CPU
		{9F2D6730-6FD3-4A3F-98FC-C5898FCFA12E}.Release|Mixed Platforms.ActiveCfg = Release|x86
		{9F2D6730-6FD3-4A3F-98FC-C5898FCFA12E}.Release|Mixed Platforms.Build.0 = Release|x86
		{9F2D6730-6FD3-4A3F-98FC-C5898FCFA12E}.Release|x86.ActiveCfg = Release|x86
		{9F2D6730-6FD3-4A3F-98FC-C5898FCFA12E}.Release|x86.Build.0 = Release|x86
		{580C493A-1F26-4BA2-BD79-466E2CBB44FD}.Debug|Any CPU.ActiveCfg = Debug
		{580C493A-1F26-4BA2-BD79-466E2CBB44FD}.Debug|Mixed Platforms.ActiveCfg = Debug
		{580C493A-1F26-4BA2-BD79-466E2CBB44FD}.Debug|x86.ActiveCfg = Debug
		{580C493A-1F26-4BA2-BD79-466E2CBB44FD}.Release|Any CPU.ActiveCfg = Release
		{580C493A-1F26-4BA2-BD79-466E2CBB44FD}.Release|Mixed Platforms.ActiveCfg = Release
		{580C493A-1F26-4BA2-BD79-466E2CBB44FD}.Release|x86.ActiveCfg = Release
	EndGlobalSection
	GlobalSection(SolutionProperties) = preSolution
		HideSolutionNode = FALSE
	EndGlobalSection
	GlobalSection(NestedProjects) = preSolution
		{A9B51300-27DC-4187-BF92-E73C0059F8A1} = {D429AE83-9EB8-44E2-9868-809BB15324C3}
		{0AE6C642-BB04-423D-A23F-5EC4C7460E74} = {D429AE83-9EB8-44E2-9868-809BB15324C3}
		{9562D2C0-C273-4F8D-AF49-D69749B89B3B} = {D429AE83-9EB8-44E2-9868-809BB15324C3}
		{1B6C95B2-F0F7-4255-B89B-C6440514C454} = {D429AE83-9EB8-44E2-9868-809BB15324C3}
		{53B2F3E1-78DB-4DDF-8049-0AF72744908E} = {D429AE83-9EB8-44E2-9868-809BB15324C3}
		{2E95E0AC-AB0A-42CF-8DCC-A2FA19ECD32A} = {D429AE83-9EB8-44E2-9868-809BB15324C3}
		{9F2D6730-6FD3-4A3F-98FC-C5898FCFA12E} = {D429AE83-9EB8-44E2-9868-809BB15324C3}
	EndGlobalSection
EndGlobal
